PODS:
  - Kiwi (2.4.0)
  - Kiwi-CedarShortcuts (0.1.0):
    - Kiwi (~> 2.0)

DEPENDENCIES:
  - Kiwi-CedarShortcuts (from `../`)

EXTERNAL SOURCES:
  Kiwi-CedarShortcuts:
    :path: "../"

SPEC CHECKSUMS:
  Kiwi: f49c9d54b28917df5928fe44968a39ed198cb8a8
  Kiwi-CedarShortcuts: 20dea487ed895d064cd5dff38264cd54bf96a216

COCOAPODS: 0.39.0
